
Microsoft Visual Studio Solution File, Format Version 12.00
# Visual Studio Version 16
VisualStudioVersion = 16.0.31624.102
MinimumVisualStudioVersion = 10.0.40219.1
Project("{FAE04EC0-301F-11D3-BF4B-00C04F79EFBC}") = "Vigenere-encrypt", "Vigenere-encrypt\Vigenere-encrypt.csproj", "{5FD2F6E9-2984-4F99-9EB1-351CFFCA2B47}"
EndProject
Global
	GlobalSection(SolutionConfigurationPlatforms) = preSolution
		Debug|Any CPU = Debug|Any CPU
		Release|Any CPU = Release|Any CPU
	EndGlobalSection
	GlobalSection(ProjectConfigurationPlatforms) = postSolution
		{5FD2F6E9-2984-4F99-9EB1-351CFFCA2B47}.Debug|Any CPU.ActiveCfg = Debug|Any CPU
		{5FD2F6E9-2984-4F99-9EB1-351CFFCA2B47}.Debug|Any CPU.Build.0 = Debug|Any CPU
		{5FD2F6E9-2984-4F99-9EB1-351CFFCA2B47}.Release|Any CPU.ActiveCfg = Release|Any CPU
		{5FD2F6E9-2984-4F99-9EB1-351CFFCA2B47}.Release|Any CPU.Build.0 = Release|Any CPU
	EndGlobalSection
	GlobalSection(SolutionProperties) = preSolution
		HideSolutionNode = FALSE
	EndGlobalSection
	GlobalSection(ExtensibilityGlobals) = postSolution
		SolutionGuid = {0066B5CB-4902-4AAA-B78E-33B38378FFC1}
	EndGlobalSection
EndGlobal
